
Microsoft Visual Studio Solution File, Format Version 12.00
# Visual Studio Version 16
VisualStudioVersion = 16.0.31321.278
MinimumVisualStudioVersion = 10.0.40219.1
Project("{8BC9CEB8-8B4A-11D0-8D11-00A0C91BC942}") = "merge sort", "merge sort\merge sort.vcxproj", "{E799677D-3CAD-44EC-9440-630C9EFB4C29}"
EndProject
Global
	GlobalSection(SolutionConfigurationPlatforms) = preSolution
		Debug|x64 = Debug|x64
		Debug|x86 = Debug|x86
		Release|x64 = Release|x64
		Release|x86 = Release|x86
	EndGlobalSection
	GlobalSection(ProjectConfigurationPlatforms) = postSolution
		{E799677D-3CAD-44EC-9440-630C9EFB4C29}.Debug|x64.ActiveCfg = Debug|x64
		{E799677D-3CAD-44EC-9440-630C9EFB4C29}.Debug|x64.Build.0 = Debug|x64
		{E799677D-3CAD-44EC-9440-630C9EFB4C29}.Debug|x86.ActiveCfg = Debug|Win32
		{E799677D-3CAD-44EC-9440-630C9EFB4C29}.Debug|x86.Build.0 = Debug|Win32
		{E799677D-3CAD-44EC-9440-630C9EFB4C29}.Release|x64.ActiveCfg = Release|x64
		{E799677D-3CAD-44EC-9440-630C9EFB4C29}.Release|x64.Build.0 = Release|x64
		{E799677D-3CAD-44EC-9440-630C9EFB4C29}.Release|x86.ActiveCfg = Release|Win32
		{E799677D-3CAD-44EC-9440-630C9EFB4C29}.Release|x86.Build.0 = Release|Win32
	EndGlobalSection
	GlobalSection(SolutionProperties) = preSolution
		HideSolutionNode = FALSE
	EndGlobalSection
	GlobalSection(ExtensibilityGlobals) = postSolution
		SolutionGuid = {0CA3BE6C-4593-4002-A0E3-95622CF0E392}
	EndGlobalSection
EndGlobal
