
Microsoft Visual Studio Solution File, Format Version 12.00
# Visual Studio Version 16
VisualStudioVersion = 16.0.31321.278
MinimumVisualStudioVersion = 10.0.40219.1
Project("{8BC9CEB8-8B4A-11D0-8D11-00A0C91BC942}") = "interpolation sort", "interpolation sort\interpolation sort.vcxproj", "{D7BAA79C-E590-4261-A538-D14129A7DEEC}"
EndProject
Global
	GlobalSection(SolutionConfigurationPlatforms) = preSolution
		Debug|x64 = Debug|x64
		Debug|x86 = Debug|x86
		Release|x64 = Release|x64
		Release|x86 = Release|x86
	EndGlobalSection
	GlobalSection(ProjectConfigurationPlatforms) = postSolution
		{D7BAA79C-E590-4261-A538-D14129A7DEEC}.Debug|x64.ActiveCfg = Debug|x64
		{D7BAA79C-E590-4261-A538-D14129A7DEEC}.Debug|x64.Build.0 = Debug|x64
		{D7BAA79C-E590-4261-A538-D14129A7DEEC}.Debug|x86.ActiveCfg = Debug|Win32
		{D7BAA79C-E590-4261-A538-D14129A7DEEC}.Debug|x86.Build.0 = Debug|Win32
		{D7BAA79C-E590-4261-A538-D14129A7DEEC}.Release|x64.ActiveCfg = Release|x64
		{D7BAA79C-E590-4261-A538-D14129A7DEEC}.Release|x64.Build.0 = Release|x64
		{D7BAA79C-E590-4261-A538-D14129A7DEEC}.Release|x86.ActiveCfg = Release|Win32
		{D7BAA79C-E590-4261-A538-D14129A7DEEC}.Release|x86.Build.0 = Release|Win32
	EndGlobalSection
	GlobalSection(SolutionProperties) = preSolution
		HideSolutionNode = FALSE
	EndGlobalSection
	GlobalSection(ExtensibilityGlobals) = postSolution
		SolutionGuid = {1F0F25B9-2A27-4F4A-A164-2A796B0BA408}
	EndGlobalSection
EndGlobal
